// !$*UTF8*$!
{
	archiveVersion = 1;
	classes = {
	};
	objectVersion = 77;
	objects = {

/* Begin PBXBuildFile section */
		74BF9E392CF2801400B2DE5B /* HolybellyWait Watch App.app in Embed Watch Content */ = {isa = PBXBuildFile; fileRef = 74BF9E382CF2801400B2DE5B /* HolybellyWait Watch App.app */; settings = {ATTRIBUTES = (RemoveHeadersOnCopy, ); }; };
/* End PBXBuildFile section */

/* Begin PBXContainerItemProxy section */
		74BF9E3A2CF2801400B2DE5B /* PBXContainerItemProxy */ = {
			isa = PBXContainerItemProxy;
			containerPortal = 74BF9E2C2CF2801400B2DE5B /* Project object */;
			proxyType = 1;
			remoteGlobalIDString = 74BF9E372CF2801400B2DE5B;
			remoteInfo = "HolybellyWait Watch App";
		};
		74BF9E4B2CF2801600B2DE5B /* PBXContainerItemProxy */ = {
			isa = PBXContainerItemProxy;
			containerPortal = 74BF9E2C2CF2801400B2DE5B /* Project object */;
			proxyType = 1;
			remoteGlobalIDString = 74BF9E372CF2801400B2DE5B;
			remoteInfo = "HolybellyWait Watch App";
		};
		74BF9E552CF2801600B2DE5B /* PBXContainerItemProxy */ = {
			isa = PBXContainerItemProxy;
			containerPortal = 74BF9E2C2CF2801400B2DE5B /* Project object */;
			proxyType = 1;
			remoteGlobalIDString = 74BF9E372CF2801400B2DE5B;
			remoteInfo = "HolybellyWait Watch App";
		};
/* End PBXContainerItemProxy section */

/* Begin PBXCopyFilesBuildPhase section */
		74BF9E612CF2801600B2DE5B /* Embed Watch Content */ = {
			isa = PBXCopyFilesBuildPhase;
			buildActionMask = 2147483647;
			dstPath = "$(CONTENTS_FOLDER_PATH)/Watch";
			dstSubfolderSpec = 16;
			files = (
				74BF9E392CF2801400B2DE5B /* HolybellyWait Watch App.app in Embed Watch Content */,
			);
			name = "Embed Watch Content";
			runOnlyForDeploymentPostprocessing = 0;
		};
/* End PBXCopyFilesBuildPhase section */

/* Begin PBXFileReference section */
		74BF9E322CF2801400B2DE5B /* HolybellyWait.app */ = {isa = PBXFileReference; explicitFileType = wrapper.application; includeInIndex = 0; path = HolybellyWait.app; sourceTree = BUILT_PRODUCTS_DIR; };
		74BF9E382CF2801400B2DE5B /* HolybellyWait Watch App.app */ = {isa = PBXFileReference; explicitFileType = wrapper.application; includeInIndex = 0; path = "HolybellyWait Watch App.app"; sourceTree = BUILT_PRODUCTS_DIR; };
		74BF9E4A2CF2801600B2DE5B /* HolybellyWait Watch AppTests.xctest */ = {isa = PBXFileReference; explicitFileType = wrapper.cfbundle; includeInIndex = 0; path = "HolybellyWait Watch AppTests.xctest"; sourceTree = BUILT_PRODUCTS_DIR; };
		74BF9E542CF2801600B2DE5B /* HolybellyWait Watch AppUITests.xctest */ = {isa = PBXFileReference; explicitFileType = wrapper.cfbundle; includeInIndex = 0; path = "HolybellyWait Watch AppUITests.xctest"; sourceTree = BUILT_PRODUCTS_DIR; };
/* End PBXFileReference section */

/* Begin PBXFileSystemSynchronizedRootGroup section */
		74BF9E3C2CF2801400B2DE5B /* HolybellyWait Watch App */ = {
			isa = PBXFileSystemSynchronizedRootGroup;
			path = "HolybellyWait Watch App";
			sourceTree = "<group>";
		};
		74BF9E4D2CF2801600B2DE5B /* HolybellyWait Watch AppTests */ = {
			isa = PBXFileSystemSynchronizedRootGroup;
			path = "HolybellyWait Watch AppTests";
			sourceTree = "<group>";
		};
		74BF9E572CF2801600B2DE5B /* HolybellyWait Watch AppUITests */ = {
			isa = PBXFileSystemSynchronizedRootGroup;
			path = "HolybellyWait Watch AppUITests";
			sourceTree = "<group>";
		};
/* End PBXFileSystemSynchronizedRootGroup section */

/* Begin PBXFrameworksBuildPhase section */
		74BF9E352CF2801400B2DE5B /* Frameworks */ = {
			isa = PBXFrameworksBuildPhase;
			buildActionMask = 2147483647;
			files = (
			);
			runOnlyForDeploymentPostprocessing = 0;
		};
		74BF9E472CF2801600B2DE5B /* Frameworks */ = {
			isa = PBXFrameworksBuildPhase;
			buildActionMask = 2147483647;
			files = (
			);
			runOnlyForDeploymentPostprocessing = 0;
		};
		74BF9E512CF2801600B2DE5B /* Frameworks */ = {
			isa = PBXFrameworksBuildPhase;
			buildActionMask = 2147483647;
			files = (
			);
			runOnlyForDeploymentPostprocessing = 0;
		};
/* End PBXFrameworksBuildPhase section */

/* Begin PBXGroup section */
		74BF9E2B2CF2801400B2DE5B = {
			isa = PBXGroup;
			children = (
				74BF9E3C2CF2801400B2DE5B /* HolybellyWait Watch App */,
				74BF9E4D2CF2801600B2DE5B /* HolybellyWait Watch AppTests */,
				74BF9E572CF2801600B2DE5B /* HolybellyWait Watch AppUITests */,
				74BF9E332CF2801400B2DE5B /* Products */,
			);
			sourceTree = "<group>";
		};
		74BF9E332CF2801400B2DE5B /* Products */ = {
			isa = PBXGroup;
			children = (
				74BF9E322CF2801400B2DE5B /* HolybellyWait.app */,
				74BF9E382CF2801400B2DE5B /* HolybellyWait Watch App.app */,
				74BF9E4A2CF2801600B2DE5B /* HolybellyWait Watch AppTests.xctest */,
				74BF9E542CF2801600B2DE5B /* HolybellyWait Watch AppUITests.xctest */,
			);
			name = Products;
			sourceTree = "<group>";
		};
/* End PBXGroup section */

/* Begin PBXNativeTarget section */
		74BF9E312CF2801400B2DE5B /* HolybellyWait */ = {
			isa = PBXNativeTarget;
			buildConfigurationList = 74BF9E622CF2801600B2DE5B /* Build configuration list for PBXNativeTarget "HolybellyWait" */;
			buildPhases = (
				74BF9E302CF2801400B2DE5B /* Resources */,
				74BF9E612CF2801600B2DE5B /* Embed Watch Content */,
			);
			buildRules = (
			);
			dependencies = (
				74BF9E3B2CF2801400B2DE5B /* PBXTargetDependency */,
			);
			name = HolybellyWait;
			packageProductDependencies = (
			);
			productName = HolybellyWait;
			productReference = 74BF9E322CF2801400B2DE5B /* HolybellyWait.app */;
			productType = "com.apple.product-type.application.watchapp2-container";
		};
		74BF9E372CF2801400B2DE5B /* HolybellyWait Watch App */ = {
			isa = PBXNativeTarget;
			buildConfigurationList = 74BF9E5E2CF2801600B2DE5B /* Build configuration list for PBXNativeTarget "HolybellyWait Watch App" */;
			buildPhases = (
				74BF9E342CF2801400B2DE5B /* Sources */,
				74BF9E352CF2801400B2DE5B /* Frameworks */,
				74BF9E362CF2801400B2DE5B /* Resources */,
			);
			buildRules = (
			);
			dependencies = (
			);
			fileSystemSynchronizedGroups = (
				74BF9E3C2CF2801400B2DE5B /* HolybellyWait Watch App */,
			);
			name = "HolybellyWait Watch App";
			packageProductDependencies = (
			);
			productName = "HolybellyWait Watch App";
			productReference = 74BF9E382CF2801400B2DE5B /* HolybellyWait Watch App.app */;
			productType = "com.apple.product-type.application";
		};
		74BF9E492CF2801600B2DE5B /* HolybellyWait Watch AppTests */ = {
			isa = PBXNativeTarget;
			buildConfigurationList = 74BF9E652CF2801600B2DE5B /* Build configuration list for PBXNativeTarget "HolybellyWait Watch AppTests" */;
			buildPhases = (
				74BF9E462CF2801600B2DE5B /* Sources */,
				74BF9E472CF2801600B2DE5B /* Frameworks */,
				74BF9E482CF2801600B2DE5B /* Resources */,
			);
			buildRules = (
			);
			dependencies = (
				74BF9E4C2CF2801600B2DE5B /* PBXTargetDependency */,
			);
			fileSystemSynchronizedGroups = (
				74BF9E4D2CF2801600B2DE5B /* HolybellyWait Watch AppTests */,
			);
			name = "HolybellyWait Watch AppTests";
			packageProductDependencies = (
			);
			productName = "HolybellyWait Watch AppTests";
			productReference = 74BF9E4A2CF2801600B2DE5B /* HolybellyWait Watch AppTests.xctest */;
			productType = "com.apple.product-type.bundle.unit-test";
		};
		74BF9E532CF2801600B2DE5B /* HolybellyWait Watch AppUITests */ = {
			isa = PBXNativeTarget;
			buildConfigurationList = 74BF9E682CF2801600B2DE5B /* Build configuration list for PBXNativeTarget "HolybellyWait Watch AppUITests" */;
			buildPhases = (
				74BF9E502CF2801600B2DE5B /* Sources */,
				74BF9E512CF2801600B2DE5B /* Frameworks */,
				74BF9E522CF2801600B2DE5B /* Resources */,
			);
			buildRules = (
			);
			dependencies = (
				74BF9E562CF2801600B2DE5B /* PBXTargetDependency */,
			);
			fileSystemSynchronizedGroups = (
				74BF9E572CF2801600B2DE5B /* HolybellyWait Watch AppUITests */,
			);
			name = "HolybellyWait Watch AppUITests";
			packageProductDependencies = (
			);
			productName = "HolybellyWait Watch AppUITests";
			productReference = 74BF9E542CF2801600B2DE5B /* HolybellyWait Watch AppUITests.xctest */;
			productType = "com.apple.product-type.bundle.ui-testing";
		};
/* End PBXNativeTarget section */

/* Begin PBXProject section */
		74BF9E2C2CF2801400B2DE5B /* Project object */ = {
			isa = PBXProject;
			attributes = {
				BuildIndependentTargetsInParallel = 1;
				LastSwiftUpdateCheck = 1610;
				LastUpgradeCheck = 1610;
				TargetAttributes = {
					74BF9E312CF2801400B2DE5B = {
						CreatedOnToolsVersion = 16.1;
					};
					74BF9E372CF2801400B2DE5B = {
						CreatedOnToolsVersion = 16.1;
					};
					74BF9E492CF2801600B2DE5B = {
						CreatedOnToolsVersion = 16.1;
						TestTargetID = 74BF9E372CF2801400B2DE5B;
					};
					74BF9E532CF2801600B2DE5B = {
						CreatedOnToolsVersion = 16.1;
						TestTargetID = 74BF9E372CF2801400B2DE5B;
					};
				};
			};
			buildConfigurationList = 74BF9E2F2CF2801400B2DE5B /* Build configuration list for PBXProject "HolybellyWait" */;
			developmentRegion = en;
			hasScannedForEncodings = 0;
			knownRegions = (
				en,
				Base,
			);
			mainGroup = 74BF9E2B2CF2801400B2DE5B;
			minimizedProjectReferenceProxies = 1;
			preferredProjectObjectVersion = 77;
			productRefGroup = 74BF9E332CF2801400B2DE5B /* Products */;
			projectDirPath = "";
			projectRoot = "";
			targets = (
				74BF9E312CF2801400B2DE5B /* HolybellyWait */,
				74BF9E372CF2801400B2DE5B /* HolybellyWait Watch App */,
				74BF9E492CF2801600B2DE5B /* HolybellyWait Watch AppTests */,
				74BF9E532CF2801600B2DE5B /* HolybellyWait Watch AppUITests */,
			);
		};
/* End PBXProject section */

/* Begin PBXResourcesBuildPhase section */
		74BF9E302CF2801400B2DE5B /* Resources */ = {
			isa = PBXResourcesBuildPhase;
			buildActionMask = 2147483647;
			files = (
			);
			runOnlyForDeploymentPostprocessing = 0;
		};
		74BF9E362CF2801400B2DE5B /* Resources */ = {
			isa = PBXResourcesBuildPhase;
			buildActionMask = 2147483647;
			files = (
			);
			runOnlyForDeploymentPostprocessing = 0;
		};
		74BF9E482CF2801600B2DE5B /* Resources */ = {
			isa = PBXResourcesBuildPhase;
			buildActionMask = 2147483647;
			files = (
			);
			runOnlyForDeploymentPostprocessing = 0;
		};
		74BF9E522CF2801600B2DE5B /* Resources */ = {
			isa = PBXResourcesBuildPhase;
			buildActionMask = 2147483647;
			files = (
			);
			runOnlyForDeploymentPostprocessing = 0;
		};
/* End PBXResourcesBuildPhase section */

/* Begin PBXSourcesBuildPhase section */
		74BF9E342CF2801400B2DE5B /* Sources */ = {
			isa = PBXSourcesBuildPhase;
			buildActionMask = 2147483647;
			files = (
			);
			runOnlyForDeploymentPostprocessing = 0;
		};
		74BF9E462CF2801600B2DE5B /* Sources */ = {
			isa = PBXSourcesBuildPhase;
			buildActionMask = 2147483647;
			files = (
			);
			runOnlyForDeploymentPostprocessing = 0;
		};
		74BF9E502CF2801600B2DE5B /* Sources */ = {
			isa = PBXSourcesBuildPhase;
			buildActionMask = 2147483647;
			files = (
			);
			runOnlyForDeploymentPostprocessing = 0;
		};
/* End PBXSourcesBuildPhase section */

/* Begin PBXTargetDependency section */
		74BF9E3B2CF2801400B2DE5B /* PBXTargetDependency */ = {
			isa = PBXTargetDependency;
			target = 74BF9E372CF2801400B2DE5B /* HolybellyWait Watch App */;
			targetProxy = 74BF9E3A2CF2801400B2DE5B /* PBXContainerItemProxy */;
		};
		74BF9E4C2CF2801600B2DE5B /* PBXTargetDependency */ = {
			isa = PBXTargetDependency;
			target = 74BF9E372CF2801400B2DE5B /* HolybellyWait Watch App */;
			targetProxy = 74BF9E4B2CF2801600B2DE5B /* PBXContainerItemProxy */;
		};
		74BF9E562CF2801600B2DE5B /* PBXTargetDependency */ = {
			isa = PBXTargetDependency;
			target = 74BF9E372CF2801400B2DE5B /* HolybellyWait Watch App */;
			targetProxy = 74BF9E552CF2801600B2DE5B /* PBXContainerItemProxy */;
		};
/* End PBXTargetDependency section */

/* Begin XCBuildConfiguration section */
		74BF9E5C2CF2801600B2DE5B /* Debug */ = {
			isa = XCBuildConfiguration;
			buildSettings = {
				ALWAYS_SEARCH_USER_PATHS = NO;
				ASSETCATALOG_COMPILER_GENERATE_SWIFT_ASSET_SYMBOL_EXTENSIONS = YES;
				CLANG_ANALYZER_NONNULL = YES;
				CLANG_ANALYZER_NUMBER_OBJECT_CONVERSION = YES_AGGRESSIVE;
				CLANG_CXX_LANGUAGE_STANDARD = "gnu++20";
				CLANG_ENABLE_MODULES = YES;
				CLANG_ENABLE_OBJC_ARC = YES;
				CLANG_ENABLE_OBJC_WEAK = YES;
				CLANG_WARN_BLOCK_CAPTURE_AUTORELEASING = YES;
				CLANG_WARN_BOOL_CONVERSION = YES;
				CLANG_WARN_COMMA = YES;
				CLANG_WARN_CONSTANT_CONVERSION = YES;
				CLANG_WARN_DEPRECATED_OBJC_IMPLEMENTATIONS = YES;
				CLANG_WARN_DIRECT_OBJC_ISA_USAGE = YES_ERROR;
				CLANG_WARN_DOCUMENTATION_COMMENTS = YES;
				CLANG_WARN_EMPTY_BODY = YES;
				CLANG_WARN_ENUM_CONVERSION = YES;
				CLANG_WARN_INFINITE_RECURSION = YES;
				CLANG_WARN_INT_CONVERSION = YES;
				CLANG_WARN_NON_LITERAL_NULL_CONVERSION = YES;
				CLANG_WARN_OBJC_IMPLICIT_RETAIN_SELF = YES;
				CLANG_WARN_OBJC_LITERAL_CONVERSION = YES;
				CLANG_WARN_OBJC_ROOT_CLASS = YES_ERROR;
				CLANG_WARN_QUOTED_INCLUDE_IN_FRAMEWORK_HEADER = YES;
				CLANG_WARN_RANGE_LOOP_ANALYSIS = YES;
				CLANG_WARN_STRICT_PROTOTYPES = YES;
				CLANG_WARN_SUSPICIOUS_MOVE = YES;
				CLANG_WARN_UNGUARDED_AVAILABILITY = YES_AGGRESSIVE;
				CLANG_WARN_UNREACHABLE_CODE = YES;
				CLANG_WARN__DUPLICATE_METHOD_MATCH = YES;
				COPY_PHASE_STRIP = NO;
				DEBUG_INFORMATION_FORMAT = dwarf;
				ENABLE_STRICT_OBJC_MSGSEND = YES;
				ENABLE_TESTABILITY = YES;
				ENABLE_USER_SCRIPT_SANDBOXING = YES;
				GCC_C_LANGUAGE_STANDARD = gnu17;
				GCC_DYNAMIC_NO_PIC = NO;
				GCC_NO_COMMON_BLOCKS = YES;
				GCC_OPTIMIZATION_LEVEL = 0;
				GCC_PREPROCESSOR_DEFINITIONS = (
					"DEBUG=1",
					"$(inherited)",
				);
				GCC_WARN_64_TO_32_BIT_CONVERSION = YES;
				GCC_WARN_ABOUT_RETURN_TYPE = YES_ERROR;
				GCC_WARN_UNDECLARED_SELECTOR = YES;
				GCC_WARN_UNINITIALIZED_AUTOS = YES_AGGRESSIVE;
				GCC_WARN_UNUSED_FUNCTION = YES;
				GCC_WARN_UNUSED_VARIABLE = YES;
				LOCALIZATION_PREFERS_STRING_CATALOGS = YES;
				MTL_ENABLE_DEBUG_INFO = INCLUDE_SOURCE;
				MTL_FAST_MATH = YES;
				ONLY_ACTIVE_ARCH = YES;
				SWIFT_ACTIVE_COMPILATION_CONDITIONS = "DEBUG $(inherited)";
				SWIFT_OPTIMIZATION_LEVEL = "-Onone";
			};
			name = Debug;
		};
		74BF9E5D2CF2801600B2DE5B /* Release */ = {
			isa = XCBuildConfiguration;
			buildSettings = {
				ALWAYS_SEARCH_USER_PATHS = NO;
				ASSETCATALOG_COMPILER_GENERATE_SWIFT_ASSET_SYMBOL_EXTENSIONS = YES;
				CLANG_ANALYZER_NONNULL = YES;
				CLANG_ANALYZER_NUMBER_OBJECT_CONVERSION = YES_AGGRESSIVE;
				CLANG_CXX_LANGUAGE_STANDARD = "gnu++20";
				CLANG_ENABLE_MODULES = YES;
				CLANG_ENABLE_OBJC_ARC = YES;
				CLANG_ENABLE_OBJC_WEAK = YES;
				CLANG_WARN_BLOCK_CAPTURE_AUTORELEASING = YES;
				CLANG_WARN_BOOL_CONVERSION = YES;
				CLANG_WARN_COMMA = YES;
				CLANG_WARN_CONSTANT_CONVERSION = YES;
				CLANG_WARN_DEPRECATED_OBJC_IMPLEMENTATIONS = YES;
				CLANG_WARN_DIRECT_OBJC_ISA_USAGE = YES_ERROR;
				CLANG_WARN_DOCUMENTATION_COMMENTS = YES;
				CLANG_WARN_EMPTY_BODY = YES;
				CLANG_WARN_ENUM_CONVERSION = YES;
				CLANG_WARN_INFINITE_RECURSION = YES;
				CLANG_WARN_INT_CONVERSION = YES;
				CLANG_WARN_NON_LITERAL_NULL_CONVERSION = YES;
				CLANG_WARN_OBJC_IMPLICIT_RETAIN_SELF = YES;
				CLANG_WARN_OBJC_LITERAL_CONVERSION = YES;
				CLANG_WARN_OBJC_ROOT_CLASS = YES_ERROR;
				CLANG_WARN_QUOTED_INCLUDE_IN_FRAMEWORK_HEADER = YES;
				CLANG_WARN_RANGE_LOOP_ANALYSIS = YES;
				CLANG_WARN_STRICT_PROTOTYPES = YES;
				CLANG_WARN_SUSPICIOUS_MOVE = YES;
				CLANG_WARN_UNGUARDED_AVAILABILITY = YES_AGGRESSIVE;
				CLANG_WARN_UNREACHABLE_CODE = YES;
				CLANG_WARN__DUPLICATE_METHOD_MATCH = YES;
				COPY_PHASE_STRIP = NO;
				DEBUG_INFORMATION_FORMAT = "dwarf-with-dsym";
				ENABLE_NS_ASSERTIONS = NO;
				ENABLE_STRICT_OBJC_MSGSEND = YES;
				ENABLE_USER_SCRIPT_SANDBOXING = YES;
				GCC_C_LANGUAGE_STANDARD = gnu17;
				GCC_NO_COMMON_BLOCKS = YES;
				GCC_WARN_64_TO_32_BIT_CONVERSION = YES;
				GCC_WARN_ABOUT_RETURN_TYPE = YES_ERROR;
				GCC_WARN_UNDECLARED_SELECTOR = YES;
				GCC_WARN_UNINITIALIZED_AUTOS = YES_AGGRESSIVE;
				GCC_WARN_UNUSED_FUNCTION = YES;
				GCC_WARN_UNUSED_VARIABLE = YES;
				LOCALIZATION_PREFERS_STRING_CATALOGS = YES;
				MTL_ENABLE_DEBUG_INFO = NO;
				MTL_FAST_MATH = YES;
				SWIFT_COMPILATION_MODE = wholemodule;
			};
			name = Release;
		};
		74BF9E5F2CF2801600B2DE5B /* Debug */ = {
			isa = XCBuildConfiguration;
			buildSettings = {
				ASSETCATALOG_COMPILER_APPICON_NAME = AppIcon;
				ASSETCATALOG_COMPILER_GLOBAL_ACCENT_COLOR_NAME = AccentColor;
				CODE_SIGN_STYLE = Automatic;
				CURRENT_PROJECT_VERSION = 1;
				DEVELOPMENT_ASSET_PATHS = "\"HolybellyWait Watch App/Preview Content\"";
				DEVELOPMENT_TEAM = 8YAF4AFNYM;
				ENABLE_PREVIEWS = YES;
				GENERATE_INFOPLIST_FILE = YES;
				INFOPLIST_KEY_CFBundleDisplayName = HolybellyWait;
				INFOPLIST_KEY_UISupportedInterfaceOrientations = "UIInterfaceOrientationPortrait UIInterfaceOrientationPortraitUpsideDown";
				INFOPLIST_KEY_WKWatchOnly = YES;
				LD_RUNPATH_SEARCH_PATHS = (
					"$(inherited)",
					"@executable_path/Frameworks",
				);
				MARKETING_VERSION = 1.0;
				PRODUCT_BUNDLE_IDENTIFIER = com.holybelly.HolybellyWait.watchkitapp;
				PRODUCT_NAME = "$(TARGET_NAME)";
				SDKROOT = watchos;
				SKIP_INSTALL = YES;
				SWIFT_EMIT_LOC_STRINGS = YES;
				SWIFT_VERSION = 5.0;
				TARGETED_DEVICE_FAMILY = 4;
				WATCHOS_DEPLOYMENT_TARGET = 11.1;
			};
			name = Debug;
		};
		74BF9E602CF2801600B2DE5B /* Release */ = {
			isa = XCBuildConfiguration;
			buildSettings = {
				ASSETCATALOG_COMPILER_APPICON_NAME = AppIcon;
				ASSETCATALOG_COMPILER_GLOBAL_ACCENT_COLOR_NAME = AccentColor;
				CODE_SIGN_STYLE = Automatic;
				CURRENT_PROJECT_VERSION = 1;
				DEVELOPMENT_ASSET_PATHS = "\"HolybellyWait Watch App/Preview Content\"";
				DEVELOPMENT_TEAM = 8YAF4AFNYM;
				ENABLE_PREVIEWS = YES;
				GENERATE_INFOPLIST_FILE = YES;
				INFOPLIST_KEY_CFBundleDisplayName = HolybellyWait;
				INFOPLIST_KEY_UISupportedInterfaceOrientations = "UIInterfaceOrientationPortrait UIInterfaceOrientationPortraitUpsideDown";
				INFOPLIST_KEY_WKWatchOnly = YES;
				LD_RUNPATH_SEARCH_PATHS = (
					"$(inherited)",
					"@executable_path/Frameworks",
				);
				MARKETING_VERSION = 1.0;
				PRODUCT_BUNDLE_IDENTIFIER = com.holybelly.HolybellyWait.watchkitapp;
				PRODUCT_NAME = "$(TARGET_NAME)";
				SDKROOT = watchos;
				SKIP_INSTALL = YES;
				SWIFT_EMIT_LOC_STRINGS = YES;
				SWIFT_VERSION = 5.0;
				TARGETED_DEVICE_FAMILY = 4;
				VALIDATE_PRODUCT = YES;
				WATCHOS_DEPLOYMENT_TARGET = 11.1;
			};
			name = Release;
		};
		74BF9E632CF2801600B2DE5B /* Debug */ = {
			isa = XCBuildConfiguration;
			buildSettings = {
				CODE_SIGN_STYLE = Automatic;
				CURRENT_PROJECT_VERSION = 1;
				DEVELOPMENT_TEAM = 8YAF4AFNYM;
				INFOPLIST_KEY_CFBundleDisplayName = HolybellyWait;
				MARKETING_VERSION = 1.0;
				PRODUCT_BUNDLE_IDENTIFIER = com.holybelly.HolybellyWait;
				PRODUCT_NAME = "$(TARGET_NAME)";
				SDKROOT = iphoneos;
				SWIFT_VERSION = 5.0;
			};
			name = Debug;
		};
		74BF9E642CF2801600B2DE5B /* Release */ = {
			isa = XCBuildConfiguration;
			buildSettings = {
				CODE_SIGN_STYLE = Automatic;
				CURRENT_PROJECT_VERSION = 1;
				DEVELOPMENT_TEAM = 8YAF4AFNYM;
				INFOPLIST_KEY_CFBundleDisplayName = HolybellyWait;
				MARKETING_VERSION = 1.0;
				PRODUCT_BUNDLE_IDENTIFIER = com.holybelly.HolybellyWait;
				PRODUCT_NAME = "$(TARGET_NAME)";
				SDKROOT = iphoneos;
				SWIFT_VERSION = 5.0;
				VALIDATE_PRODUCT = YES;
			};
			name = Release;
		};
		74BF9E662CF2801600B2DE5B /* Debug */ = {
			isa = XCBuildConfiguration;
			buildSettings = {
				BUNDLE_LOADER = "$(TEST_HOST)";
				CODE_SIGN_STYLE = Automatic;
				CURRENT_PROJECT_VERSION = 1;
				DEVELOPMENT_TEAM = 8YAF4AFNYM;
				GENERATE_INFOPLIST_FILE = YES;
				MARKETING_VERSION = 1.0;
				PRODUCT_BUNDLE_IDENTIFIER = "com.holybelly.HolybellyWait-Watch-AppTests";
				PRODUCT_NAME = "$(TARGET_NAME)";
				SDKROOT = watchos;
				SWIFT_EMIT_LOC_STRINGS = NO;
				SWIFT_VERSION = 5.0;
				TARGETED_DEVICE_FAMILY = 4;
				TEST_HOST = "$(BUILT_PRODUCTS_DIR)/HolybellyWait Watch App.app/$(BUNDLE_EXECUTABLE_FOLDER_PATH)/HolybellyWait Watch App";
				WATCHOS_DEPLOYMENT_TARGET = 11.1;
			};
			name = Debug;
		};
		74BF9E672CF2801600B2DE5B /* Release */ = {
			isa = XCBuildConfiguration;
			buildSettings = {
				BUNDLE_LOADER = "$(TEST_HOST)";
				CODE_SIGN_STYLE = Automatic;
				CURRENT_PROJECT_VERSION = 1;
				DEVELOPMENT_TEAM = 8YAF4AFNYM;
				GENERATE_INFOPLIST_FILE = YES;
				MARKETING_VERSION = 1.0;
				PRODUCT_BUNDLE_IDENTIFIER = "com.holybelly.HolybellyWait-Watch-AppTests";
				PRODUCT_NAME = "$(TARGET_NAME)";
				SDKROOT = watchos;
				SWIFT_EMIT_LOC_STRINGS = NO;
				SWIFT_VERSION = 5.0;
				TARGETED_DEVICE_FAMILY = 4;
				TEST_HOST = "$(BUILT_PRODUCTS_DIR)/HolybellyWait Watch App.app/$(BUNDLE_EXECUTABLE_FOLDER_PATH)/HolybellyWait Watch App";
				VALIDATE_PRODUCT = YES;
				WATCHOS_DEPLOYMENT_TARGET = 11.1;
			};
			name = Release;
		};
		74BF9E692CF2801600B2DE5B /* Debug */ = {
			isa = XCBuildConfiguration;
			buildSettings = {
				CODE_SIGN_STYLE = Automatic;
				CURRENT_PROJECT_VERSION = 1;
				DEVELOPMENT_TEAM = 8YAF4AFNYM;
				GENERATE_INFOPLIST_FILE = YES;
				MARKETING_VERSION = 1.0;
				PRODUCT_BUNDLE_IDENTIFIER = "com.holybelly.HolybellyWait-Watch-AppUITests";
				PRODUCT_NAME = "$(TARGET_NAME)";
				SDKROOT = watchos;
				SWIFT_EMIT_LOC_STRINGS = NO;
				SWIFT_VERSION = 5.0;
				TARGETED_DEVICE_FAMILY = 4;
				TEST_TARGET_NAME = "HolybellyWait Watch App";
				WATCHOS_DEPLOYMENT_TARGET = 11.1;
			};
			name = Debug;
		};
		74BF9E6A2CF2801600B2DE5B /* Release */ = {
			isa = XCBuildConfiguration;
			buildSettings = {
				CODE_SIGN_STYLE = Automatic;
				CURRENT_PROJECT_VERSION = 1;
				DEVELOPMENT_TEAM = 8YAF4AFNYM;
				GENERATE_INFOPLIST_FILE = YES;
				MARKETING_VERSION = 1.0;
				PRODUCT_BUNDLE_IDENTIFIER = "com.holybelly.HolybellyWait-Watch-AppUITests";
				PRODUCT_NAME = "$(TARGET_NAME)";
				SDKROOT = watchos;
				SWIFT_EMIT_LOC_STRINGS = NO;
				SWIFT_VERSION = 5.0;
				TARGETED_DEVICE_FAMILY = 4;
				TEST_TARGET_NAME = "HolybellyWait Watch App";
				VALIDATE_PRODUCT = YES;
				WATCHOS_DEPLOYMENT_TARGET = 11.1;
			};
			name = Release;
		};
/* End XCBuildConfiguration section */

/* Begin XCConfigurationList section */
		74BF9E2F2CF2801400B2DE5B /* Build configuration list for PBXProject "HolybellyWait" */ = {
			isa = XCConfigurationList;
			buildConfigurations = (
				74BF9E5C2CF2801600B2DE5B /* Debug */,
				74BF9E5D2CF2801600B2DE5B /* Release */,
			);
			defaultConfigurationIsVisible = 0;
			defaultConfigurationName = Release;
		};
		74BF9E5E2CF2801600B2DE5B /* Build configuration list for PBXNativeTarget "HolybellyWait Watch App" */ = {
			isa = XCConfigurationList;
			buildConfigurations = (
				74BF9E5F2CF2801600B2DE5B /* Debug */,
				74BF9E602CF2801600B2DE5B /* Release */,
			);
			defaultConfigurationIsVisible = 0;
			defaultConfigurationName = Release;
		};
		74BF9E622CF2801600B2DE5B /* Build configuration list for PBXNativeTarget "HolybellyWait" */ = {
			isa = XCConfigurationList;
			buildConfigurations = (
				74BF9E632CF2801600B2DE5B /* Debug */,
				74BF9E642CF2801600B2DE5B /* Release */,
			);
			defaultConfigurationIsVisible = 0;
			defaultConfigurationName = Release;
		};
		74BF9E652CF2801600B2DE5B /* Build configuration list for PBXNativeTarget "HolybellyWait Watch AppTests" */ = {
			isa = XCConfigurationList;
			buildConfigurations = (
				74BF9E662CF2801600B2DE5B /* Debug */,
				74BF9E672CF2801600B2DE5B /* Release */,
			);
			defaultConfigurationIsVisible = 0;
			defaultConfigurationName = Release;
		};
		74BF9E682CF2801600B2DE5B /* Build configuration list for PBXNativeTarget "HolybellyWait Watch AppUITests" */ = {
			isa = XCConfigurationList;
			buildConfigurations = (
				74BF9E692CF2801600B2DE5B /* Debug */,
				74BF9E6A2CF2801600B2DE5B /* Release */,
			);
			defaultConfigurationIsVisible = 0;
			defaultConfigurationName = Release;
		};
/* End XCConfigurationList section */
	};
	rootObject = 74BF9E2C2CF2801400B2DE5B /* Project object */;
}
